
Microsoft Visual Studio Solution File, Format Version 12.00
Project("{FAE04EC0-301F-11D3-BF4B-00C04F79EFBC}") = "BusBoard", "BusBoard\BusBoard.csproj", "{126CB7F7-0D13-4B16-BDE4-E41A890A8737}"
EndProject
Global
	GlobalSection(SolutionConfigurationPlatforms) = preSolution
		Debug|Any CPU = Debug|Any CPU
		Release|Any CPU = Release|Any CPU
	EndGlobalSection
	GlobalSection(ProjectConfigurationPlatforms) = postSolution
		{126CB7F7-0D13-4B16-BDE4-E41A890A8737}.Debug|Any CPU.ActiveCfg = Debug|Any CPU
		{126CB7F7-0D13-4B16-BDE4-E41A890A8737}.Debug|Any CPU.Build.0 = Debug|Any CPU
		{126CB7F7-0D13-4B16-BDE4-E41A890A8737}.Release|Any CPU.ActiveCfg = Release|Any CPU
		{126CB7F7-0D13-4B16-BDE4-E41A890A8737}.Release|Any CPU.Build.0 = Release|Any CPU
	EndGlobalSection
EndGlobal
